
Microsoft Visual Studio Solution File, Format Version 12.00
# Visual Studio Version 16
VisualStudioVersion = 16.0.30711.63
MinimumVisualStudioVersion = 10.0.40219.1
Project("{FAE04EC0-301F-11D3-BF4B-00C04F79EFBC}") = "ShopAPI", "WebApiTest2\ShopAPI.csproj", "{7FCDD0D8-41B5-4B15-8300-B882E45F3415}"
EndProject
Global
	GlobalSection(SolutionConfigurationPlatforms) = preSolution
		Debug|Any CPU = Debug|Any CPU
		Release|Any CPU = Release|Any CPU
	EndGlobalSection
	GlobalSection(ProjectConfigurationPlatforms) = postSolution
		{7FCDD0D8-41B5-4B15-8300-B882E45F3415}.Debug|Any CPU.ActiveCfg = Debug|Any CPU
		{7FCDD0D8-41B5-4B15-8300-B882E45F3415}.Debug|Any CPU.Build.0 = Debug|Any CPU
		{7FCDD0D8-41B5-4B15-8300-B882E45F3415}.Release|Any CPU.ActiveCfg = Release|Any CPU
		{7FCDD0D8-41B5-4B15-8300-B882E45F3415}.Release|Any CPU.Build.0 = Release|Any CPU
	EndGlobalSection
	GlobalSection(SolutionProperties) = preSolution
		HideSolutionNode = FALSE
	EndGlobalSection
	GlobalSection(ExtensibilityGlobals) = postSolution
		SolutionGuid = {0A265934-8F6C-41A5-98D0-E3B57C7C641C}
	EndGlobalSection
EndGlobal
